
Microsoft Visual Studio Solution File, Format Version 12.00
# Visual Studio 14
VisualStudioVersion = 14.0.25420.1
MinimumVisualStudioVersion = 10.0.40219.1
Project("{FAE04EC0-301F-11D3-BF4B-00C04F79EFBC}") = "DasPartyWeb", "DasPartyWeb\DasPartyWeb.csproj", "{4134D815-2B53-447B-A41F-80EC89038D3C}"
EndProject
Project("{FAE04EC0-301F-11D3-BF4B-00C04F79EFBC}") = "DasPartyPersistence", "DasPartyPersistence\DasPartyPersistence.csproj", "{BB73BF5E-0A48-4EB7-8F07-2CFFBCC7515E}"
EndProject
Project("{FAE04EC0-301F-11D3-BF4B-00C04F79EFBC}") = "DasPartyHost", "DasPartyHost\DasPartyHost.csproj", "{60024069-C798-4AF4-AB42-446378E0BF69}"
EndProject
Project("{FAE04EC0-301F-11D3-BF4B-00C04F79EFBC}") = "DasPartyWebMVC", "DasPartyWebMVC\DasPartyWebMVC.csproj", "{9F488166-6F97-4D67-9C3A-E81F13DB669F}"
EndProject
Global
	GlobalSection(SolutionConfigurationPlatforms) = preSolution
		Debug|Any CPU = Debug|Any CPU
		Release|Any CPU = Release|Any CPU
	EndGlobalSection
	GlobalSection(ProjectConfigurationPlatforms) = postSolution
		{4134D815-2B53-447B-A41F-80EC89038D3C}.Debug|Any CPU.ActiveCfg = Debug|Any CPU
		{4134D815-2B53-447B-A41F-80EC89038D3C}.Debug|Any CPU.Build.0 = Debug|Any CPU
		{4134D815-2B53-447B-A41F-80EC89038D3C}.Release|Any CPU.ActiveCfg = Release|Any CPU
		{4134D815-2B53-447B-A41F-80EC89038D3C}.Release|Any CPU.Build.0 = Release|Any CPU
		{BB73BF5E-0A48-4EB7-8F07-2CFFBCC7515E}.Debug|Any CPU.ActiveCfg = Debug|Any CPU
		{BB73BF5E-0A48-4EB7-8F07-2CFFBCC7515E}.Debug|Any CPU.Build.0 = Debug|Any CPU
		{BB73BF5E-0A48-4EB7-8F07-2CFFBCC7515E}.Release|Any CPU.ActiveCfg = Release|Any CPU
		{BB73BF5E-0A48-4EB7-8F07-2CFFBCC7515E}.Release|Any CPU.Build.0 = Release|Any CPU
		{60024069-C798-4AF4-AB42-446378E0BF69}.Debug|Any CPU.ActiveCfg = Debug|Any CPU
		{60024069-C798-4AF4-AB42-446378E0BF69}.Debug|Any CPU.Build.0 = Debug|Any CPU
		{60024069-C798-4AF4-AB42-446378E0BF69}.Release|Any CPU.ActiveCfg = Release|Any CPU
		{60024069-C798-4AF4-AB42-446378E0BF69}.Release|Any CPU.Build.0 = Release|Any CPU
		{9F488166-6F97-4D67-9C3A-E81F13DB669F}.Debug|Any CPU.ActiveCfg = Debug|Any CPU
		{9F488166-6F97-4D67-9C3A-E81F13DB669F}.Debug|Any CPU.Build.0 = Debug|Any CPU
		{9F488166-6F97-4D67-9C3A-E81F13DB669F}.Release|Any CPU.ActiveCfg = Release|Any CPU
		{9F488166-6F97-4D67-9C3A-E81F13DB669F}.Release|Any CPU.Build.0 = Release|Any CPU
	EndGlobalSection
	GlobalSection(SolutionProperties) = preSolution
		HideSolutionNode = FALSE
	EndGlobalSection
EndGlobal
